
Microsoft Visual Studio Solution File, Format Version 12.00
# Visual Studio Version 16
VisualStudioVersion = 16.0.31321.278
MinimumVisualStudioVersion = 10.0.40219.1
Project("{FAE04EC0-301F-11D3-BF4B-00C04F79EFBC}") = "BestMovies", "BestMovies.csproj", "{BFB6A263-5571-4C57-85F5-A9BDB0C07EE1}"
EndProject
Global
	GlobalSection(SolutionConfigurationPlatforms) = preSolution
		Debug|Any CPU = Debug|Any CPU
		Release|Any CPU = Release|Any CPU
	EndGlobalSection
	GlobalSection(ProjectConfigurationPlatforms) = postSolution
		{BFB6A263-5571-4C57-85F5-A9BDB0C07EE1}.Debug|Any CPU.ActiveCfg = Debug|Any CPU
		{BFB6A263-5571-4C57-85F5-A9BDB0C07EE1}.Debug|Any CPU.Build.0 = Debug|Any CPU
		{BFB6A263-5571-4C57-85F5-A9BDB0C07EE1}.Release|Any CPU.ActiveCfg = Release|Any CPU
		{BFB6A263-5571-4C57-85F5-A9BDB0C07EE1}.Release|Any CPU.Build.0 = Release|Any CPU
	EndGlobalSection
	GlobalSection(SolutionProperties) = preSolution
		HideSolutionNode = FALSE
	EndGlobalSection
	GlobalSection(ExtensibilityGlobals) = postSolution
		SolutionGuid = {0FC02375-7B99-47B4-A19E-ECA506272158}
	EndGlobalSection
EndGlobal
